// !$*UTF8*$!
{
	archiveVersion = 1;
	classes = {
	};
	objectVersion = 55;
	objects = {

/* Begin PBXBuildFile section */
		BA316C4427D90E3000661253 /* Keep_iosApp.swift in Sources */ = {isa = PBXBuildFile; fileRef = BA316C4327D90E3000661253 /* Keep_iosApp.swift */; };
		BA316C4627D90E3000661253 /* ContentView.swift in Sources */ = {isa = PBXBuildFile; fileRef = BA316C4527D90E3000661253 /* ContentView.swift */; };
		BA316C4827D90E3100661253 /* Assets.xcassets in Resources */ = {isa = PBXBuildFile; fileRef = BA316C4727D90E3100661253 /* Assets.xcassets */; };
		BA316C4B27D90E3100661253 /* Preview Assets.xcassets in Resources */ = {isa = PBXBuildFile; fileRef = BA316C4A27D90E3100661253 /* Preview Assets.xcassets */; };
		BA316C5527D90E3200661253 /* keep_iosTests.swift in Sources */ = {isa = PBXBuildFile; fileRef = BA316C5427D90E3200661253 /* keep_iosTests.swift */; };
		BA316C5F27D90E3200661253 /* keep_iosUITests.swift in Sources */ = {isa = PBXBuildFile; fileRef = BA316C5E27D90E3200661253 /* keep_iosUITests.swift */; };
		BA316C6127D90E3200661253 /* keep_iosUITestsLaunchTests.swift in Sources */ = {isa = PBXBuildFile; fileRef = BA316C6027D90E3200661253 /* keep_iosUITestsLaunchTests.swift */; };
/* End PBXBuildFile section */

/* Begin PBXContainerItemProxy section */
		BA316C5127D90E3200661253 /* PBXContainerItemProxy */ = {
			isa = PBXContainerItemProxy;
			containerPortal = BA316C3827D90E3000661253 /* Project object */;
			proxyType = 1;
			remoteGlobalIDString = BA316C3F27D90E3000661253;
			remoteInfo = "keep-ios";
		};
		BA316C5B27D90E3200661253 /* PBXContainerItemProxy */ = {
			isa = PBXContainerItemProxy;
			containerPortal = BA316C3827D90E3000661253 /* Project object */;
			proxyType = 1;
			remoteGlobalIDString = BA316C3F27D90E3000661253;
			remoteInfo = "keep-ios";
		};
/* End PBXContainerItemProxy section */

/* Begin PBXFileReference section */
		BA316C4027D90E3000661253 /* keep-ios.app */ = {isa = PBXFileReference; explicitFileType = wrapper.application; includeInIndex = 0; path = "keep-ios.app"; sourceTree = BUILT_PRODUCTS_DIR; };
		BA316C4327D90E3000661253 /* Keep_iosApp.swift */ = {isa = PBXFileReference; lastKnownFileType = sourcecode.swift; path = Keep_iosApp.swift; sourceTree = "<group>"; };
		BA316C4527D90E3000661253 /* ContentView.swift */ = {isa = PBXFileReference; lastKnownFileType = sourcecode.swift; path = ContentView.swift; sourceTree = "<group>"; };
		BA316C4727D90E3100661253 /* Assets.xcassets */ = {isa = PBXFileReference; lastKnownFileType = folder.assetcatalog; path = Assets.xcassets; sourceTree = "<group>"; };
		BA316C4A27D90E3100661253 /* Preview Assets.xcassets */ = {isa = PBXFileReference; lastKnownFileType = folder.assetcatalog; path = "Preview Assets.xcassets"; sourceTree = "<group>"; };
		BA316C5027D90E3200661253 /* keep-iosTests.xctest */ = {isa = PBXFileReference; explicitFileType = wrapper.cfbundle; includeInIndex = 0; path = "keep-iosTests.xctest"; sourceTree = BUILT_PRODUCTS_DIR; };
		BA316C5427D90E3200661253 /* keep_iosTests.swift */ = {isa = PBXFileReference; lastKnownFileType = sourcecode.swift; path = keep_iosTests.swift; sourceTree = "<group>"; };
		BA316C5A27D90E3200661253 /* keep-iosUITests.xctest */ = {isa = PBXFileReference; explicitFileType = wrapper.cfbundle; includeInIndex = 0; path = "keep-iosUITests.xctest"; sourceTree = BUILT_PRODUCTS_DIR; };
		BA316C5E27D90E3200661253 /* keep_iosUITests.swift */ = {isa = PBXFileReference; lastKnownFileType = sourcecode.swift; path = keep_iosUITests.swift; sourceTree = "<group>"; };
		BA316C6027D90E3200661253 /* keep_iosUITestsLaunchTests.swift */ = {isa = PBXFileReference; lastKnownFileType = sourcecode.swift; path = keep_iosUITestsLaunchTests.swift; sourceTree = "<group>"; };
/* End PBXFileReference section */

/* Begin PBXFrameworksBuildPhase section */
		BA316C3D27D90E3000661253 /* Frameworks */ = {
			isa = PBXFrameworksBuildPhase;
			buildActionMask = 2147483647;
			files = (
			);
			runOnlyForDeploymentPostprocessing = 0;
		};
		BA316C4D27D90E3200661253 /* Frameworks */ = {
			isa = PBXFrameworksBuildPhase;
			buildActionMask = 2147483647;
			files = (
			);
			runOnlyForDeploymentPostprocessing = 0;
		};
		BA316C5727D90E3200661253 /* Frameworks */ = {
			isa = PBXFrameworksBuildPhase;
			buildActionMask = 2147483647;
			files = (
			);
			runOnlyForDeploymentPostprocessing = 0;
		};
/* End PBXFrameworksBuildPhase section */

/* Begin PBXGroup section */
		BA316C3727D90E3000661253 = {
			isa = PBXGroup;
			children = (
				BA316C4227D90E3000661253 /* keep-ios */,
				BA316C5327D90E3200661253 /* keep-iosTests */,
				BA316C5D27D90E3200661253 /* keep-iosUITests */,
				BA316C4127D90E3000661253 /* Products */,
			);
			sourceTree = "<group>";
		};
		BA316C4127D90E3000661253 /* Products */ = {
			isa = PBXGroup;
			children = (
				BA316C4027D90E3000661253 /* keep-ios.app */,
				BA316C5027D90E3200661253 /* keep-iosTests.xctest */,
				BA316C5A27D90E3200661253 /* keep-iosUITests.xctest */,
			);
			name = Products;
			sourceTree = "<group>";
		};
		BA316C4227D90E3000661253 /* keep-ios */ = {
			isa = PBXGroup;
			children = (
				BA316C4327D90E3000661253 /* Keep_iosApp.swift */,
				BA316C4527D90E3000661253 /* ContentView.swift */,
				BA316C4727D90E3100661253 /* Assets.xcassets */,
				BA316C4927D90E3100661253 /* Preview Content */,
			);
			path = "keep-ios";
			sourceTree = "<group>";
		};
		BA316C4927D90E3100661253 /* Preview Content */ = {
			isa = PBXGroup;
			children = (
				BA316C4A27D90E3100661253 /* Preview Assets.xcassets */,
			);
			path = "Preview Content";
			sourceTree = "<group>";
		};
		BA316C5327D90E3200661253 /* keep-iosTests */ = {
			isa = PBXGroup;
			children = (
				BA316C5427D90E3200661253 /* keep_iosTests.swift */,
			);
			path = "keep-iosTests";
			sourceTree = "<group>";
		};
		BA316C5D27D90E3200661253 /* keep-iosUITests */ = {
			isa = PBXGroup;
			children = (
				BA316C5E27D90E3200661253 /* keep_iosUITests.swift */,
				BA316C6027D90E3200661253 /* keep_iosUITestsLaunchTests.swift */,
			);
			path = "keep-iosUITests";
			sourceTree = "<group>";
		};
/* End PBXGroup section */

/* Begin PBXNativeTarget section */
		BA316C3F27D90E3000661253 /* keep-ios */ = {
			isa = PBXNativeTarget;
			buildConfigurationList = BA316C6427D90E3200661253 /* Build configuration list for PBXNativeTarget "keep-ios" */;
			buildPhases = (
				BA316C3C27D90E3000661253 /* Sources */,
				BA316C3D27D90E3000661253 /* Frameworks */,
				BA316C3E27D90E3000661253 /* Resources */,
			);
			buildRules = (
			);
			dependencies = (
			);
			name = "keep-ios";
			productName = "keep-ios";
			productReference = BA316C4027D90E3000661253 /* keep-ios.app */;
			productType = "com.apple.product-type.application";
		};
		BA316C4F27D90E3200661253 /* keep-iosTests */ = {
			isa = PBXNativeTarget;
			buildConfigurationList = BA316C6727D90E3200661253 /* Build configuration list for PBXNativeTarget "keep-iosTests" */;
			buildPhases = (
				BA316C4C27D90E3200661253 /* Sources */,
				BA316C4D27D90E3200661253 /* Frameworks */,
				BA316C4E27D90E3200661253 /* Resources */,
			);
			buildRules = (
			);
			dependencies = (
				BA316C5227D90E3200661253 /* PBXTargetDependency */,
			);
			name = "keep-iosTests";
			productName = "keep-iosTests";
			productReference = BA316C5027D90E3200661253 /* keep-iosTests.xctest */;
			productType = "com.apple.product-type.bundle.unit-test";
		};
		BA316C5927D90E3200661253 /* keep-iosUITests */ = {
			isa = PBXNativeTarget;
			buildConfigurationList = BA316C6A27D90E3200661253 /* Build configuration list for PBXNativeTarget "keep-iosUITests" */;
			buildPhases = (
				BA316C5627D90E3200661253 /* Sources */,
				BA316C5727D90E3200661253 /* Frameworks */,
				BA316C5827D90E3200661253 /* Resources */,
			);
			buildRules = (
			);
			dependencies = (
				BA316C5C27D90E3200661253 /* PBXTargetDependency */,
			);
			name = "keep-iosUITests";
			productName = "keep-iosUITests";
			productReference = BA316C5A27D90E3200661253 /* keep-iosUITests.xctest */;
			productType = "com.apple.product-type.bundle.ui-testing";
		};
/* End PBXNativeTarget section */

/* Begin PBXProject section */
		BA316C3827D90E3000661253 /* Project object */ = {
			isa = PBXProject;
			attributes = {
				BuildIndependentTargetsInParallel = 1;
				LastSwiftUpdateCheck = 1320;
				LastUpgradeCheck = 1320;
				TargetAttributes = {
					BA316C3F27D90E3000661253 = {
						CreatedOnToolsVersion = 13.2.1;
					};
					BA316C4F27D90E3200661253 = {
						CreatedOnToolsVersion = 13.2.1;
						TestTargetID = BA316C3F27D90E3000661253;
					};
					BA316C5927D90E3200661253 = {
						CreatedOnToolsVersion = 13.2.1;
						TestTargetID = BA316C3F27D90E3000661253;
					};
				};
			};
			buildConfigurationList = BA316C3B27D90E3000661253 /* Build configuration list for PBXProject "keep-ios" */;
			compatibilityVersion = "Xcode 13.0";
			developmentRegion = en;
			hasScannedForEncodings = 0;
			knownRegions = (
				en,
				Base,
			);
			mainGroup = BA316C3727D90E3000661253;
			productRefGroup = BA316C4127D90E3000661253 /* Products */;
			projectDirPath = "";
			projectRoot = "";
			targets = (
				BA316C3F27D90E3000661253 /* keep-ios */,
				BA316C4F27D90E3200661253 /* keep-iosTests */,
				BA316C5927D90E3200661253 /* keep-iosUITests */,
			);
		};
/* End PBXProject section */

/* Begin PBXResourcesBuildPhase section */
		BA316C3E27D90E3000661253 /* Resources */ = {
			isa = PBXResourcesBuildPhase;
			buildActionMask = 2147483647;
			files = (
				BA316C4B27D90E3100661253 /* Preview Assets.xcassets in Resources */,
				BA316C4827D90E3100661253 /* Assets.xcassets in Resources */,
			);
			runOnlyForDeploymentPostprocessing = 0;
		};
		BA316C4E27D90E3200661253 /* Resources */ = {
			isa = PBXResourcesBuildPhase;
			buildActionMask = 2147483647;
			files = (
			);
			runOnlyForDeploymentPostprocessing = 0;
		};
		BA316C5827D90E3200661253 /* Resources */ = {
			isa = PBXResourcesBuildPhase;
			buildActionMask = 2147483647;
			files = (
			);
			runOnlyForDeploymentPostprocessing = 0;
		};
/* End PBXResourcesBuildPhase section */

/* Begin PBXSourcesBuildPhase section */
		BA316C3C27D90E3000661253 /* Sources */ = {
			isa = PBXSourcesBuildPhase;
			buildActionMask = 2147483647;
			files = (
				BA316C4627D90E3000661253 /* ContentView.swift in Sources */,
				BA316C4427D90E3000661253 /* Keep_iosApp.swift in Sources */,
			);
			runOnlyForDeploymentPostprocessing = 0;
		};
		BA316C4C27D90E3200661253 /* Sources */ = {
			isa = PBXSourcesBuildPhase;
			buildActionMask = 2147483647;
			files = (
				BA316C5527D90E3200661253 /* keep_iosTests.swift in Sources */,
			);
			runOnlyForDeploymentPostprocessing = 0;
		};
		BA316C5627D90E3200661253 /* Sources */ = {
			isa = PBXSourcesBuildPhase;
			buildActionMask = 2147483647;
			files = (
				BA316C6127D90E3200661253 /* keep_iosUITestsLaunchTests.swift in Sources */,
				BA316C5F27D90E3200661253 /* keep_iosUITests.swift in Sources */,
			);
			runOnlyForDeploymentPostprocessing = 0;
		};
/* End PBXSourcesBuildPhase section */

/* Begin PBXTargetDependency section */
		BA316C5227D90E3200661253 /* PBXTargetDependency */ = {
			isa = PBXTargetDependency;
			target = BA316C3F27D90E3000661253 /* keep-ios */;
			targetProxy = BA316C5127D90E3200661253 /* PBXContainerItemProxy */;
		};
		BA316C5C27D90E3200661253 /* PBXTargetDependency */ = {
			isa = PBXTargetDependency;
			target = BA316C3F27D90E3000661253 /* keep-ios */;
			targetProxy = BA316C5B27D90E3200661253 /* PBXContainerItemProxy */;
		};
/* End PBXTargetDependency section */

/* Begin XCBuildConfiguration section */
		BA316C6227D90E3200661253 /* Debug */ = {
			isa = XCBuildConfiguration;
			buildSettings = {
				ALWAYS_SEARCH_USER_PATHS = NO;
				CLANG_ANALYZER_NONNULL = YES;
				CLANG_ANALYZER_NUMBER_OBJECT_CONVERSION = YES_AGGRESSIVE;
				CLANG_CXX_LANGUAGE_STANDARD = "gnu++17";
				CLANG_CXX_LIBRARY = "libc++";
				CLANG_ENABLE_MODULES = YES;
				CLANG_ENABLE_OBJC_ARC = YES;
				CLANG_ENABLE_OBJC_WEAK = YES;
				CLANG_WARN_BLOCK_CAPTURE_AUTORELEASING = YES;
				CLANG_WARN_BOOL_CONVERSION = YES;
				CLANG_WARN_COMMA = YES;
				CLANG_WARN_CONSTANT_CONVERSION = YES;
				CLANG_WARN_DEPRECATED_OBJC_IMPLEMENTATIONS = YES;
				CLANG_WARN_DIRECT_OBJC_ISA_USAGE = YES_ERROR;
				CLANG_WARN_DOCUMENTATION_COMMENTS = YES;
				CLANG_WARN_EMPTY_BODY = YES;
				CLANG_WARN_ENUM_CONVERSION = YES;
				CLANG_WARN_INFINITE_RECURSION = YES;
				CLANG_WARN_INT_CONVERSION = YES;
				CLANG_WARN_NON_LITERAL_NULL_CONVERSION = YES;
				CLANG_WARN_OBJC_IMPLICIT_RETAIN_SELF = YES;
				CLANG_WARN_OBJC_LITERAL_CONVERSION = YES;
				CLANG_WARN_OBJC_ROOT_CLASS = YES_ERROR;
				CLANG_WARN_QUOTED_INCLUDE_IN_FRAMEWORK_HEADER = YES;
				CLANG_WARN_RANGE_LOOP_ANALYSIS = YES;
				CLANG_WARN_STRICT_PROTOTYPES = YES;
				CLANG_WARN_SUSPICIOUS_MOVE = YES;
				CLANG_WARN_UNGUARDED_AVAILABILITY = YES_AGGRESSIVE;
				CLANG_WARN_UNREACHABLE_CODE = YES;
				CLANG_WARN__DUPLICATE_METHOD_MATCH = YES;
				COPY_PHASE_STRIP = NO;
				DEBUG_INFORMATION_FORMAT = dwarf;
				ENABLE_STRICT_OBJC_MSGSEND = YES;
				ENABLE_TESTABILITY = YES;
				GCC_C_LANGUAGE_STANDARD = gnu11;
				GCC_DYNAMIC_NO_PIC = NO;
				GCC_NO_COMMON_BLOCKS = YES;
				GCC_OPTIMIZATION_LEVEL = 0;
				GCC_PREPROCESSOR_DEFINITIONS = (
					"DEBUG=1",
					"$(inherited)",
				);
				GCC_WARN_64_TO_32_BIT_CONVERSION = YES;
				GCC_WARN_ABOUT_RETURN_TYPE = YES_ERROR;
				GCC_WARN_UNDECLARED_SELECTOR = YES;
				GCC_WARN_UNINITIALIZED_AUTOS = YES_AGGRESSIVE;
				GCC_WARN_UNUSED_FUNCTION = YES;
				GCC_WARN_UNUSED_VARIABLE = YES;
				IPHONEOS_DEPLOYMENT_TARGET = 15.2;
				MTL_ENABLE_DEBUG_INFO = INCLUDE_SOURCE;
				MTL_FAST_MATH = YES;
				ONLY_ACTIVE_ARCH = YES;
				SDKROOT = iphoneos;
				SWIFT_ACTIVE_COMPILATION_CONDITIONS = DEBUG;
				SWIFT_OPTIMIZATION_LEVEL = "-Onone";
			};
			name = Debug;
		};
		BA316C6327D90E3200661253 /* Release */ = {
			isa = XCBuildConfiguration;
			buildSettings = {
				ALWAYS_SEARCH_USER_PATHS = NO;
				CLANG_ANALYZER_NONNULL = YES;
				CLANG_ANALYZER_NUMBER_OBJECT_CONVERSION = YES_AGGRESSIVE;
				CLANG_CXX_LANGUAGE_STANDARD = "gnu++17";
				CLANG_CXX_LIBRARY = "libc++";
				CLANG_ENABLE_MODULES = YES;
				CLANG_ENABLE_OBJC_ARC = YES;
				CLANG_ENABLE_OBJC_WEAK = YES;
				CLANG_WARN_BLOCK_CAPTURE_AUTORELEASING = YES;
				CLANG_WARN_BOOL_CONVERSION = YES;
				CLANG_WARN_COMMA = YES;
				CLANG_WARN_CONSTANT_CONVERSION = YES;
				CLANG_WARN_DEPRECATED_OBJC_IMPLEMENTATIONS = YES;
				CLANG_WARN_DIRECT_OBJC_ISA_USAGE = YES_ERROR;
				CLANG_WARN_DOCUMENTATION_COMMENTS = YES;
				CLANG_WARN_EMPTY_BODY = YES;
				CLANG_WARN_ENUM_CONVERSION = YES;
				CLANG_WARN_INFINITE_RECURSION = YES;
				CLANG_WARN_INT_CONVERSION = YES;
				CLANG_WARN_NON_LITERAL_NULL_CONVERSION = YES;
				CLANG_WARN_OBJC_IMPLICIT_RETAIN_SELF = YES;
				CLANG_WARN_OBJC_LITERAL_CONVERSION = YES;
				CLANG_WARN_OBJC_ROOT_CLASS = YES_ERROR;
				CLANG_WARN_QUOTED_INCLUDE_IN_FRAMEWORK_HEADER = YES;
				CLANG_WARN_RANGE_LOOP_ANALYSIS = YES;
				CLANG_WARN_STRICT_PROTOTYPES = YES;
				CLANG_WARN_SUSPICIOUS_MOVE = YES;
				CLANG_WARN_UNGUARDED_AVAILABILITY = YES_AGGRESSIVE;
				CLANG_WARN_UNREACHABLE_CODE = YES;
				CLANG_WARN__DUPLICATE_METHOD_MATCH = YES;
				COPY_PHASE_STRIP = NO;
				DEBUG_INFORMATION_FORMAT = "dwarf-with-dsym";
				ENABLE_NS_ASSERTIONS = NO;
				ENABLE_STRICT_OBJC_MSGSEND = YES;
				GCC_C_LANGUAGE_STANDARD = gnu11;
				GCC_NO_COMMON_BLOCKS = YES;
				GCC_WARN_64_TO_32_BIT_CONVERSION = YES;
				GCC_WARN_ABOUT_RETURN_TYPE = YES_ERROR;
				GCC_WARN_UNDECLARED_SELECTOR = YES;
				GCC_WARN_UNINITIALIZED_AUTOS = YES_AGGRESSIVE;
				GCC_WARN_UNUSED_FUNCTION = YES;
				GCC_WARN_UNUSED_VARIABLE = YES;
				IPHONEOS_DEPLOYMENT_TARGET = 15.2;
				MTL_ENABLE_DEBUG_INFO = NO;
				MTL_FAST_MATH = YES;
				SDKROOT = iphoneos;
				SWIFT_COMPILATION_MODE = wholemodule;
				SWIFT_OPTIMIZATION_LEVEL = "-O";
				VALIDATE_PRODUCT = YES;
			};
			name = Release;
		};
		BA316C6527D90E3200661253 /* Debug */ = {
			isa = XCBuildConfiguration;
			buildSettings = {
				ASSETCATALOG_COMPILER_APPICON_NAME = AppIcon;
				ASSETCATALOG_COMPILER_GLOBAL_ACCENT_COLOR_NAME = AccentColor;
				CODE_SIGN_STYLE = Automatic;
				CURRENT_PROJECT_VERSION = 1;
				DEVELOPMENT_ASSET_PATHS = "\"keep-ios/Preview Content\"";
				DEVELOPMENT_TEAM = WHU7A4EQ74;
				ENABLE_PREVIEWS = YES;
				GENERATE_INFOPLIST_FILE = YES;
				INFOPLIST_KEY_UIApplicationSceneManifest_Generation = YES;
				INFOPLIST_KEY_UIApplicationSupportsIndirectInputEvents = YES;
				INFOPLIST_KEY_UILaunchScreen_Generation = YES;
				INFOPLIST_KEY_UISupportedInterfaceOrientations_iPad = "UIInterfaceOrientationPortrait UIInterfaceOrientationPortraitUpsideDown UIInterfaceOrientationLandscapeLeft UIInterfaceOrientationLandscapeRight";
				INFOPLIST_KEY_UISupportedInterfaceOrientations_iPhone = "UIInterfaceOrientationPortrait UIInterfaceOrientationLandscapeLeft UIInterfaceOrientationLandscapeRight";
				LD_RUNPATH_SEARCH_PATHS = (
					"$(inherited)",
					"@executable_path/Frameworks",
				);
				MARKETING_VERSION = 1.0;
				PRODUCT_BUNDLE_IDENTIFIER = "one.keri.keep-ios";
				PRODUCT_NAME = "$(TARGET_NAME)";
				SWIFT_EMIT_LOC_STRINGS = YES;
				SWIFT_VERSION = 5.0;
				TARGETED_DEVICE_FAMILY = "1,2";
			};
			name = Debug;
		};
		BA316C6627D90E3200661253 /* Release */ = {
			isa = XCBuildConfiguration;
			buildSettings = {
				ASSETCATALOG_COMPILER_APPICON_NAME = AppIcon;
				ASSETCATALOG_COMPILER_GLOBAL_ACCENT_COLOR_NAME = AccentColor;
				CODE_SIGN_STYLE = Automatic;
				CURRENT_PROJECT_VERSION = 1;
				DEVELOPMENT_ASSET_PATHS = "\"keep-ios/Preview Content\"";
				DEVELOPMENT_TEAM = WHU7A4EQ74;
				ENABLE_PREVIEWS = YES;
				GENERATE_INFOPLIST_FILE = YES;
				INFOPLIST_KEY_UIApplicationSceneManifest_Generation = YES;
				INFOPLIST_KEY_UIApplicationSupportsIndirectInputEvents = YES;
				INFOPLIST_KEY_UILaunchScreen_Generation = YES;
				INFOPLIST_KEY_UISupportedInterfaceOrientations_iPad = "UIInterfaceOrientationPortrait UIInterfaceOrientationPortraitUpsideDown UIInterfaceOrientationLandscapeLeft UIInterfaceOrientationLandscapeRight";
				INFOPLIST_KEY_UISupportedInterfaceOrientations_iPhone = "UIInterfaceOrientationPortrait UIInterfaceOrientationLandscapeLeft UIInterfaceOrientationLandscapeRight";
				LD_RUNPATH_SEARCH_PATHS = (
					"$(inherited)",
					"@executable_path/Frameworks",
				);
				MARKETING_VERSION = 1.0;
				PRODUCT_BUNDLE_IDENTIFIER = "one.keri.keep-ios";
				PRODUCT_NAME = "$(TARGET_NAME)";
				SWIFT_EMIT_LOC_STRINGS = YES;
				SWIFT_VERSION = 5.0;
				TARGETED_DEVICE_FAMILY = "1,2";
			};
			name = Release;
		};
		BA316C6827D90E3200661253 /* Debug */ = {
			isa = XCBuildConfiguration;
			buildSettings = {
				ALWAYS_EMBED_SWIFT_STANDARD_LIBRARIES = YES;
				BUNDLE_LOADER = "$(TEST_HOST)";
				CODE_SIGN_STYLE = Automatic;
				CURRENT_PROJECT_VERSION = 1;
				DEVELOPMENT_TEAM = WHU7A4EQ74;
				GENERATE_INFOPLIST_FILE = YES;
				IPHONEOS_DEPLOYMENT_TARGET = 15.2;
				MARKETING_VERSION = 1.0;
				PRODUCT_BUNDLE_IDENTIFIER = "one.keri.keep-iosTests";
				PRODUCT_NAME = "$(TARGET_NAME)";
				SWIFT_EMIT_LOC_STRINGS = NO;
				SWIFT_VERSION = 5.0;
				TARGETED_DEVICE_FAMILY = "1,2";
				TEST_HOST = "$(BUILT_PRODUCTS_DIR)/keep-ios.app/keep-ios";
			};
			name = Debug;
		};
		BA316C6927D90E3200661253 /* Release */ = {
			isa = XCBuildConfiguration;
			buildSettings = {
				ALWAYS_EMBED_SWIFT_STANDARD_LIBRARIES = YES;
				BUNDLE_LOADER = "$(TEST_HOST)";
				CODE_SIGN_STYLE = Automatic;
				CURRENT_PROJECT_VERSION = 1;
				DEVELOPMENT_TEAM = WHU7A4EQ74;
				GENERATE_INFOPLIST_FILE = YES;
				IPHONEOS_DEPLOYMENT_TARGET = 15.2;
				MARKETING_VERSION = 1.0;
				PRODUCT_BUNDLE_IDENTIFIER = "one.keri.keep-iosTests";
				PRODUCT_NAME = "$(TARGET_NAME)";
				SWIFT_EMIT_LOC_STRINGS = NO;
				SWIFT_VERSION = 5.0;
				TARGETED_DEVICE_FAMILY = "1,2";
				TEST_HOST = "$(BUILT_PRODUCTS_DIR)/keep-ios.app/keep-ios";
			};
			name = Release;
		};
		BA316C6B27D90E3200661253 /* Debug */ = {
			isa = XCBuildConfiguration;
			buildSettings = {
				ALWAYS_EMBED_SWIFT_STANDARD_LIBRARIES = YES;
				CODE_SIGN_STYLE = Automatic;
				CURRENT_PROJECT_VERSION = 1;
				DEVELOPMENT_TEAM = WHU7A4EQ74;
				GENERATE_INFOPLIST_FILE = YES;
				MARKETING_VERSION = 1.0;
				PRODUCT_BUNDLE_IDENTIFIER = "one.keri.keep-iosUITests";
				PRODUCT_NAME = "$(TARGET_NAME)";
				SWIFT_EMIT_LOC_STRINGS = NO;
				SWIFT_VERSION = 5.0;
				TARGETED_DEVICE_FAMILY = "1,2";
				TEST_TARGET_NAME = "keep-ios";
			};
			name = Debug;
		};
		BA316C6C27D90E3200661253 /* Release */ = {
			isa = XCBuildConfiguration;
			buildSettings = {
				ALWAYS_EMBED_SWIFT_STANDARD_LIBRARIES = YES;
				CODE_SIGN_STYLE = Automatic;
				CURRENT_PROJECT_VERSION = 1;
				DEVELOPMENT_TEAM = WHU7A4EQ74;
				GENERATE_INFOPLIST_FILE = YES;
				MARKETING_VERSION = 1.0;
				PRODUCT_BUNDLE_IDENTIFIER = "one.keri.keep-iosUITests";
				PRODUCT_NAME = "$(TARGET_NAME)";
				SWIFT_EMIT_LOC_STRINGS = NO;
				SWIFT_VERSION = 5.0;
				TARGETED_DEVICE_FAMILY = "1,2";
				TEST_TARGET_NAME = "keep-ios";
			};
			name = Release;
		};
/* End XCBuildConfiguration section */

/* Begin XCConfigurationList section */
		BA316C3B27D90E3000661253 /* Build configuration list for PBXProject "keep-ios" */ = {
			isa = XCConfigurationList;
			buildConfigurations = (
				BA316C6227D90E3200661253 /* Debug */,
				BA316C6327D90E3200661253 /* Release */,
			);
			defaultConfigurationIsVisible = 0;
			defaultConfigurationName = Release;
		};
		BA316C6427D90E3200661253 /* Build configuration list for PBXNativeTarget "keep-ios" */ = {
			isa = XCConfigurationList;
			buildConfigurations = (
				BA316C6527D90E3200661253 /* Debug */,
				BA316C6627D90E3200661253 /* Release */,
			);
			defaultConfigurationIsVisible = 0;
			defaultConfigurationName = Release;
		};
		BA316C6727D90E3200661253 /* Build configuration list for PBXNativeTarget "keep-iosTests" */ = {
			isa = XCConfigurationList;
			buildConfigurations = (
				BA316C6827D90E3200661253 /* Debug */,
				BA316C6927D90E3200661253 /* Release */,
			);
			defaultConfigurationIsVisible = 0;
			defaultConfigurationName = Release;
		};
		BA316C6A27D90E3200661253 /* Build configuration list for PBXNativeTarget "keep-iosUITests" */ = {
			isa = XCConfigurationList;
			buildConfigurations = (
				BA316C6B27D90E3200661253 /* Debug */,
				BA316C6C27D90E3200661253 /* Release */,
			);
			defaultConfigurationIsVisible = 0;
			defaultConfigurationName = Release;
		};
/* End XCConfigurationList section */
	};
	rootObject = BA316C3827D90E3000661253 /* Project object */;
}
